// !$*UTF8*$!
{
	archiveVersion = 1;
	classes = {
	};
	objectVersion = 50;
	objects = {

/* Begin PBXBuildFile section */
		8392B8D62427A72B00920DB9 /* AppDelegate.swift in Sources */ = {isa = PBXBuildFile; fileRef = 8392B8D52427A72B00920DB9 /* AppDelegate.swift */; };
		8392B8D82427A72B00920DB9 /* SceneDelegate.swift in Sources */ = {isa = PBXBuildFile; fileRef = 8392B8D72427A72B00920DB9 /* SceneDelegate.swift */; };
		8392B8DA2427A72B00920DB9 /* ViewController.swift in Sources */ = {isa = PBXBuildFile; fileRef = 8392B8D92427A72B00920DB9 /* ViewController.swift */; };
		8392B8DD2427A72B00920DB9 /* Main.storyboard in Resources */ = {isa = PBXBuildFile; fileRef = 8392B8DB2427A72B00920DB9 /* Main.storyboard */; };
		8392B8DF2427A72B00920DB9 /* Assets.xcassets in Resources */ = {isa = PBXBuildFile; fileRef = 8392B8DE2427A72B00920DB9 /* Assets.xcassets */; };
		8392B8E22427A72B00920DB9 /* LaunchScreen.storyboard in Resources */ = {isa = PBXBuildFile; fileRef = 8392B8E02427A72B00920DB9 /* LaunchScreen.storyboard */; };
		8392B8EB2427AAC300920DB9 /* MovieTableViewCell.swift in Sources */ = {isa = PBXBuildFile; fileRef = 8392B8E92427AAC300920DB9 /* MovieTableViewCell.swift */; };
		8392B8EC2427AAC300920DB9 /* MovieTableViewCell.xib in Resources */ = {isa = PBXBuildFile; fileRef = 8392B8EA2427AAC300920DB9 /* MovieTableViewCell.xib */; };
/* End PBXBuildFile section */

/* Begin PBXFileReference section */
		8392B8D22427A72B00920DB9 /* Movie Searcher.app */ = {isa = PBXFileReference; explicitFileType = wrapper.application; includeInIndex = 0; path = "Movie Searcher.app"; sourceTree = BUILT_PRODUCTS_DIR; };
		8392B8D52427A72B00920DB9 /* AppDelegate.swift */ = {isa = PBXFileReference; lastKnownFileType = sourcecode.swift; path = AppDelegate.swift; sourceTree = "<group>"; };
		8392B8D72427A72B00920DB9 /* SceneDelegate.swift */ = {isa = PBXFileReference; lastKnownFileType = sourcecode.swift; path = SceneDelegate.swift; sourceTree = "<group>"; };
		8392B8D92427A72B00920DB9 /* ViewController.swift */ = {isa = PBXFileReference; lastKnownFileType = sourcecode.swift; path = ViewController.swift; sourceTree = "<group>"; };
		8392B8DC2427A72B00920DB9 /* Base */ = {isa = PBXFileReference; lastKnownFileType = file.storyboard; name = Base; path = Base.lproj/Main.storyboard; sourceTree = "<group>"; };
		8392B8DE2427A72B00920DB9 /* Assets.xcassets */ = {isa = PBXFileReference; lastKnownFileType = folder.assetcatalog; path = Assets.xcassets; sourceTree = "<group>"; };
		8392B8E12427A72B00920DB9 /* Base */ = {isa = PBXFileReference; lastKnownFileType = file.storyboard; name = Base; path = Base.lproj/LaunchScreen.storyboard; sourceTree = "<group>"; };
		8392B8E32427A72B00920DB9 /* Info.plist */ = {isa = PBXFileReference; lastKnownFileType = text.plist.xml; path = Info.plist; sourceTree = "<group>"; };
		8392B8E92427AAC300920DB9 /* MovieTableViewCell.swift */ = {isa = PBXFileReference; lastKnownFileType = sourcecode.swift; path = MovieTableViewCell.swift; sourceTree = "<group>"; };
		8392B8EA2427AAC300920DB9 /* MovieTableViewCell.xib */ = {isa = PBXFileReference; lastKnownFileType = file.xib; path = MovieTableViewCell.xib; sourceTree = "<group>"; };
/* End PBXFileReference section */

/* Begin PBXFrameworksBuildPhase section */
		8392B8CF2427A72B00920DB9 /* Frameworks */ = {
			isa = PBXFrameworksBuildPhase;
			buildActionMask = 2147483647;
			files = (
			);
			runOnlyForDeploymentPostprocessing = 0;
		};
/* End PBXFrameworksBuildPhase section */

/* Begin PBXGroup section */
		8392B8C92427A72B00920DB9 = {
			isa = PBXGroup;
			children = (
				8392B8D42427A72B00920DB9 /* Movie Searcher */,
				8392B8D32427A72B00920DB9 /* Products */,
			);
			sourceTree = "<group>";
		};
		8392B8D32427A72B00920DB9 /* Products */ = {
			isa = PBXGroup;
			children = (
				8392B8D22427A72B00920DB9 /* Movie Searcher.app */,
			);
			name = Products;
			sourceTree = "<group>";
		};
		8392B8D42427A72B00920DB9 /* Movie Searcher */ = {
			isa = PBXGroup;
			children = (
				8392B8D52427A72B00920DB9 /* AppDelegate.swift */,
				8392B8D72427A72B00920DB9 /* SceneDelegate.swift */,
				8392B8D92427A72B00920DB9 /* ViewController.swift */,
				8392B8DB2427A72B00920DB9 /* Main.storyboard */,
				8392B8DE2427A72B00920DB9 /* Assets.xcassets */,
				8392B8E02427A72B00920DB9 /* LaunchScreen.storyboard */,
				8392B8E32427A72B00920DB9 /* Info.plist */,
				8392B8E92427AAC300920DB9 /* MovieTableViewCell.swift */,
				8392B8EA2427AAC300920DB9 /* MovieTableViewCell.xib */,
			);
			path = "Movie Searcher";
			sourceTree = "<group>";
		};
/* End PBXGroup section */

/* Begin PBXNativeTarget section */
		8392B8D12427A72B00920DB9 /* Movie Searcher */ = {
			isa = PBXNativeTarget;
			buildConfigurationList = 8392B8E62427A72B00920DB9 /* Build configuration list for PBXNativeTarget "Movie Searcher" */;
			buildPhases = (
				8392B8CE2427A72B00920DB9 /* Sources */,
				8392B8CF2427A72B00920DB9 /* Frameworks */,
				8392B8D02427A72B00920DB9 /* Resources */,
			);
			buildRules = (
			);
			dependencies = (
			);
			name = "Movie Searcher";
			productName = "Movie Searcher";
			productReference = 8392B8D22427A72B00920DB9 /* Movie Searcher.app */;
			productType = "com.apple.product-type.application";
		};
/* End PBXNativeTarget section */

/* Begin PBXProject section */
		8392B8CA2427A72B00920DB9 /* Project object */ = {
			isa = PBXProject;
			attributes = {
				LastSwiftUpdateCheck = 1130;
				LastUpgradeCheck = 1130;
				ORGANIZATIONNAME = "ASN GROUP LLC";
				TargetAttributes = {
					8392B8D12427A72B00920DB9 = {
						CreatedOnToolsVersion = 11.3.1;
					};
				};
			};
			buildConfigurationList = 8392B8CD2427A72B00920DB9 /* Build configuration list for PBXProject "Movie Searcher" */;
			compatibilityVersion = "Xcode 9.3";
			developmentRegion = en;
			hasScannedForEncodings = 0;
			knownRegions = (
				en,
				Base,
			);
			mainGroup = 8392B8C92427A72B00920DB9;
			productRefGroup = 8392B8D32427A72B00920DB9 /* Products */;
			projectDirPath = "";
			projectRoot = "";
			targets = (
				8392B8D12427A72B00920DB9 /* Movie Searcher */,
			);
		};
/* End PBXProject section */

/* Begin PBXResourcesBuildPhase section */
		8392B8D02427A72B00920DB9 /* Resources */ = {
			isa = PBXResourcesBuildPhase;
			buildActionMask = 2147483647;
			files = (
				8392B8E22427A72B00920DB9 /* LaunchScreen.storyboard in Resources */,
				8392B8DF2427A72B00920DB9 /* Assets.xcassets in Resources */,
				8392B8EC2427AAC300920DB9 /* MovieTableViewCell.xib in Resources */,
				8392B8DD2427A72B00920DB9 /* Main.storyboard in Resources */,
			);
			runOnlyForDeploymentPostprocessing = 0;
		};
/* End PBXResourcesBuildPhase section */

/* Begin PBXSourcesBuildPhase section */
		8392B8CE2427A72B00920DB9 /* Sources */ = {
			isa = PBXSourcesBuildPhase;
			buildActionMask = 2147483647;
			files = (
				8392B8DA2427A72B00920DB9 /* ViewController.swift in Sources */,
				8392B8D62427A72B00920DB9 /* AppDelegate.swift in Sources */,
				8392B8EB2427AAC300920DB9 /* MovieTableViewCell.swift in Sources */,
				8392B8D82427A72B00920DB9 /* SceneDelegate.swift in Sources */,
			);
			runOnlyForDeploymentPostprocessing = 0;
		};
/* End PBXSourcesBuildPhase section */

/* Begin PBXVariantGroup section */
		8392B8DB2427A72B00920DB9 /* Main.storyboard */ = {
			isa = PBXVariantGroup;
			children = (
				8392B8DC2427A72B00920DB9 /* Base */,
			);
			name = Main.storyboard;
			sourceTree = "<group>";
		};
		8392B8E02427A72B00920DB9 /* LaunchScreen.storyboard */ = {
			isa = PBXVariantGroup;
			children = (
				8392B8E12427A72B00920DB9 /* Base */,
			);
			name = LaunchScreen.storyboard;
			sourceTree = "<group>";
		};
/* End PBXVariantGroup section */

/* Begin XCBuildConfiguration section */
		8392B8E42427A72B00920DB9 /* Debug */ = {
			isa = XCBuildConfiguration;
			buildSettings = {
				ALWAYS_SEARCH_USER_PATHS = NO;
				CLANG_ANALYZER_NONNULL = YES;
				CLANG_ANALYZER_NUMBER_OBJECT_CONVERSION = YES_AGGRESSIVE;
				CLANG_CXX_LANGUAGE_STANDARD = "gnu++14";
				CLANG_CXX_LIBRARY = "libc++";
				CLANG_ENABLE_MODULES = YES;
				CLANG_ENABLE_OBJC_ARC = YES;
				CLANG_ENABLE_OBJC_WEAK = YES;
				CLANG_WARN_BLOCK_CAPTURE_AUTORELEASING = YES;
				CLANG_WARN_BOOL_CONVERSION = YES;
				CLANG_WARN_COMMA = YES;
				CLANG_WARN_CONSTANT_CONVERSION = YES;
				CLANG_WARN_DEPRECATED_OBJC_IMPLEMENTATIONS = YES;
				CLANG_WARN_DIRECT_OBJC_ISA_USAGE = YES_ERROR;
				CLANG_WARN_DOCUMENTATION_COMMENTS = YES;
				CLANG_WARN_EMPTY_BODY = YES;
				CLANG_WARN_ENUM_CONVERSION = YES;
				CLANG_WARN_INFINITE_RECURSION = YES;
				CLANG_WARN_INT_CONVERSION = YES;
				CLANG_WARN_NON_LITERAL_NULL_CONVERSION = YES;
				CLANG_WARN_OBJC_IMPLICIT_RETAIN_SELF = YES;
				CLANG_WARN_OBJC_LITERAL_CONVERSION = YES;
				CLANG_WARN_OBJC_ROOT_CLASS = YES_ERROR;
				CLANG_WARN_RANGE_LOOP_ANALYSIS = YES;
				CLANG_WARN_STRICT_PROTOTYPES = YES;
				CLANG_WARN_SUSPICIOUS_MOVE = YES;
				CLANG_WARN_UNGUARDED_AVAILABILITY = YES_AGGRESSIVE;
				CLANG_WARN_UNREACHABLE_CODE = YES;
				CLANG_WARN__DUPLICATE_METHOD_MATCH = YES;
				COPY_PHASE_STRIP = NO;
				DEBUG_INFORMATION_FORMAT = dwarf;
				ENABLE_STRICT_OBJC_MSGSEND = YES;
				ENABLE_TESTABILITY = YES;
				GCC_C_LANGUAGE_STANDARD = gnu11;
				GCC_DYNAMIC_NO_PIC = NO;
				GCC_NO_COMMON_BLOCKS = YES;
				GCC_OPTIMIZATION_LEVEL = 0;
				GCC_PREPROCESSOR_DEFINITIONS = (
					"DEBUG=1",
					"$(inherited)",
				);
				GCC_WARN_64_TO_32_BIT_CONVERSION = YES;
				GCC_WARN_ABOUT_RETURN_TYPE = YES_ERROR;
				GCC_WARN_UNDECLARED_SELECTOR = YES;
				GCC_WARN_UNINITIALIZED_AUTOS = YES_AGGRESSIVE;
				GCC_WARN_UNUSED_FUNCTION = YES;
				GCC_WARN_UNUSED_VARIABLE = YES;
				IPHONEOS_DEPLOYMENT_TARGET = 13.2;
				MTL_ENABLE_DEBUG_INFO = INCLUDE_SOURCE;
				MTL_FAST_MATH = YES;
				ONLY_ACTIVE_ARCH = YES;
				SDKROOT = iphoneos;
				SWIFT_ACTIVE_COMPILATION_CONDITIONS = DEBUG;
				SWIFT_OPTIMIZATION_LEVEL = "-Onone";
			};
			name = Debug;
		};
		8392B8E52427A72B00920DB9 /* Release */ = {
			isa = XCBuildConfiguration;
			buildSettings = {
				ALWAYS_SEARCH_USER_PATHS = NO;
				CLANG_ANALYZER_NONNULL = YES;
				CLANG_ANALYZER_NUMBER_OBJECT_CONVERSION = YES_AGGRESSIVE;
				CLANG_CXX_LANGUAGE_STANDARD = "gnu++14";
				CLANG_CXX_LIBRARY = "libc++";
				CLANG_ENABLE_MODULES = YES;
				CLANG_ENABLE_OBJC_ARC = YES;
				CLANG_ENABLE_OBJC_WEAK = YES;
				CLANG_WARN_BLOCK_CAPTURE_AUTORELEASING = YES;
				CLANG_WARN_BOOL_CONVERSION = YES;
				CLANG_WARN_COMMA = YES;
				CLANG_WARN_CONSTANT_CONVERSION = YES;
				CLANG_WARN_DEPRECATED_OBJC_IMPLEMENTATIONS = YES;
				CLANG_WARN_DIRECT_OBJC_ISA_USAGE = YES_ERROR;
				CLANG_WARN_DOCUMENTATION_COMMENTS = YES;
				CLANG_WARN_EMPTY_BODY = YES;
				CLANG_WARN_ENUM_CONVERSION = YES;
				CLANG_WARN_INFINITE_RECURSION = YES;
				CLANG_WARN_INT_CONVERSION = YES;
				CLANG_WARN_NON_LITERAL_NULL_CONVERSION = YES;
				CLANG_WARN_OBJC_IMPLICIT_RETAIN_SELF = YES;
				CLANG_WARN_OBJC_LITERAL_CONVERSION = YES;
				CLANG_WARN_OBJC_ROOT_CLASS = YES_ERROR;
				CLANG_WARN_RANGE_LOOP_ANALYSIS = YES;
				CLANG_WARN_STRICT_PROTOTYPES = YES;
				CLANG_WARN_SUSPICIOUS_MOVE = YES;
				CLANG_WARN_UNGUARDED_AVAILABILITY = YES_AGGRESSIVE;
				CLANG_WARN_UNREACHABLE_CODE = YES;
				CLANG_WARN__DUPLICATE_METHOD_MATCH = YES;
				COPY_PHASE_STRIP = NO;
				DEBUG_INFORMATION_FORMAT = "dwarf-with-dsym";
				ENABLE_NS_ASSERTIONS = NO;
				ENABLE_STRICT_OBJC_MSGSEND = YES;
				GCC_C_LANGUAGE_STANDARD = gnu11;
				GCC_NO_COMMON_BLOCKS = YES;
				GCC_WARN_64_TO_32_BIT_CONVERSION = YES;
				GCC_WARN_ABOUT_RETURN_TYPE = YES_ERROR;
				GCC_WARN_UNDECLARED_SELECTOR = YES;
				GCC_WARN_UNINITIALIZED_AUTOS = YES_AGGRESSIVE;
				GCC_WARN_UNUSED_FUNCTION = YES;
				GCC_WARN_UNUSED_VARIABLE = YES;
				IPHONEOS_DEPLOYMENT_TARGET = 13.2;
				MTL_ENABLE_DEBUG_INFO = NO;
				MTL_FAST_MATH = YES;
				SDKROOT = iphoneos;
				SWIFT_COMPILATION_MODE = wholemodule;
				SWIFT_OPTIMIZATION_LEVEL = "-O";
				VALIDATE_PRODUCT = YES;
			};
			name = Release;
		};
		8392B8E72427A72B00920DB9 /* Debug */ = {
			isa = XCBuildConfiguration;
			buildSettings = {
				ASSETCATALOG_COMPILER_APPICON_NAME = AppIcon;
				CODE_SIGN_STYLE = Automatic;
				DEVELOPMENT_TEAM = 3798Z36XLV;
				INFOPLIST_FILE = "Movie Searcher/Info.plist";
				LD_RUNPATH_SEARCH_PATHS = (
					"$(inherited)",
					"@executable_path/Frameworks",
				);
				PRODUCT_BUNDLE_IDENTIFIER = "com.asndigital.Movie-Searcher";
				PRODUCT_NAME = "$(TARGET_NAME)";
				SWIFT_VERSION = 5.0;
				TARGETED_DEVICE_FAMILY = "1,2";
			};
			name = Debug;
		};
		8392B8E82427A72B00920DB9 /* Release */ = {
			isa = XCBuildConfiguration;
			buildSettings = {
				ASSETCATALOG_COMPILER_APPICON_NAME = AppIcon;
				CODE_SIGN_STYLE = Automatic;
				DEVELOPMENT_TEAM = 3798Z36XLV;
				INFOPLIST_FILE = "Movie Searcher/Info.plist";
				LD_RUNPATH_SEARCH_PATHS = (
					"$(inherited)",
					"@executable_path/Frameworks",
				);
				PRODUCT_BUNDLE_IDENTIFIER = "com.asndigital.Movie-Searcher";
				PRODUCT_NAME = "$(TARGET_NAME)";
				SWIFT_VERSION = 5.0;
				TARGETED_DEVICE_FAMILY = "1,2";
			};
			name = Release;
		};
/* End XCBuildConfiguration section */

/* Begin XCConfigurationList section */
		8392B8CD2427A72B00920DB9 /* Build configuration list for PBXProject "Movie Searcher" */ = {
			isa = XCConfigurationList;
			buildConfigurations = (
				8392B8E42427A72B00920DB9 /* Debug */,
				8392B8E52427A72B00920DB9 /* Release */,
			);
			defaultConfigurationIsVisible = 0;
			defaultConfigurationName = Release;
		};
		8392B8E62427A72B00920DB9 /* Build configuration list for PBXNativeTarget "Movie Searcher" */ = {
			isa = XCConfigurationList;
			buildConfigurations = (
				8392B8E72427A72B00920DB9 /* Debug */,
				8392B8E82427A72B00920DB9 /* Release */,
			);
			defaultConfigurationIsVisible = 0;
			defaultConfigurationName = Release;
		};
/* End XCConfigurationList section */
	};
	rootObject = 8392B8CA2427A72B00920DB9 /* Project object */;
}
